// !$*UTF8*$!
{
	archiveVersion = 1;
	classes = {
	};
	objectVersion = 48;
	objects = {

/* Begin PBXBuildFile section */
		B32FF805208476C400CBC8A4 /* configure.json in Resources */ = {isa = PBXBuildFile; fileRef = B32FF804208476C400CBC8A4 /* configure.json */; };
		B346B142201B9D5200760FBC /* AppDelegate.swift in Sources */ = {isa = PBXBuildFile; fileRef = B346B141201B9D5200760FBC /* AppDelegate.swift */; };
		B346B144201B9D5200760FBC /* Assets.xcassets in Resources */ = {isa = PBXBuildFile; fileRef = B346B143201B9D5200760FBC /* Assets.xcassets */; };
		B346B147201B9D5200760FBC /* MainMenu.xib in Resources */ = {isa = PBXBuildFile; fileRef = B346B145201B9D5200760FBC /* MainMenu.xib */; };
		B387E587206484F200BC2F64 /* Coinstash_XMRSTAK.framework in CopyFiles */ = {isa = PBXBuildFile; fileRef = B34A3E992049CB30003B7F35 /* Coinstash_XMRSTAK.framework */; settings = {ATTRIBUTES = (CodeSignOnCopy, RemoveHeadersOnCopy, ); }; };
		B3A3522121074214001BB340 /* Credentials.swift in Sources */ = {isa = PBXBuildFile; fileRef = B3A3522021074214001BB340 /* Credentials.swift */; };
/* End PBXBuildFile section */

/* Begin PBXCopyFilesBuildPhase section */
		B387E586206484EE00BC2F64 /* CopyFiles */ = {
			isa = PBXCopyFilesBuildPhase;
			buildActionMask = 2147483647;
			dstPath = "";
			dstSubfolderSpec = 10;
			files = (
				B387E587206484F200BC2F64 /* Coinstash_XMRSTAK.framework in CopyFiles */,
			);
			runOnlyForDeploymentPostprocessing = 0;
		};
		B3928508204CC219007903B0 /* Embed Frameworks */ = {
			isa = PBXCopyFilesBuildPhase;
			buildActionMask = 2147483647;
			dstPath = "";
			dstSubfolderSpec = 10;
			files = (
			);
			name = "Embed Frameworks";
			runOnlyForDeploymentPostprocessing = 0;
		};
/* End PBXCopyFilesBuildPhase section */

/* Begin PBXFileReference section */
		B32FF804208476C400CBC8A4 /* configure.json */ = {isa = PBXFileReference; fileEncoding = 4; lastKnownFileType = text.json; path = configure.json; sourceTree = SOURCE_ROOT; };
		B346B13E201B9D5200760FBC /* frameworkTest.app */ = {isa = PBXFileReference; explicitFileType = wrapper.application; includeInIndex = 0; path = frameworkTest.app; sourceTree = BUILT_PRODUCTS_DIR; };
		B346B141201B9D5200760FBC /* AppDelegate.swift */ = {isa = PBXFileReference; lastKnownFileType = sourcecode.swift; path = AppDelegate.swift; sourceTree = "<group>"; };
		B346B143201B9D5200760FBC /* Assets.xcassets */ = {isa = PBXFileReference; lastKnownFileType = folder.assetcatalog; path = Assets.xcassets; sourceTree = "<group>"; };
		B346B146201B9D5200760FBC /* Base */ = {isa = PBXFileReference; lastKnownFileType = file.xib; name = Base; path = Base.lproj/MainMenu.xib; sourceTree = "<group>"; };
		B346B148201B9D5200760FBC /* Info.plist */ = {isa = PBXFileReference; lastKnownFileType = text.plist.xml; path = Info.plist; sourceTree = "<group>"; };
		B346B149201B9D5200760FBC /* frameworkTest.entitlements */ = {isa = PBXFileReference; lastKnownFileType = text.plist.entitlements; path = frameworkTest.entitlements; sourceTree = "<group>"; };
		B34A3E992049CB30003B7F35 /* Coinstash_XMRSTAK.framework */ = {isa = PBXFileReference; lastKnownFileType = wrapper.framework; path = Coinstash_XMRSTAK.framework; sourceTree = "<group>"; };
		B3A3522021074214001BB340 /* Credentials.swift */ = {isa = PBXFileReference; lastKnownFileType = sourcecode.swift; path = Credentials.swift; sourceTree = "<group>"; };
/* End PBXFileReference section */

/* Begin PBXFrameworksBuildPhase section */
		B346B13B201B9D5200760FBC /* Frameworks */ = {
			isa = PBXFrameworksBuildPhase;
			buildActionMask = 2147483647;
			files = (
			);
			runOnlyForDeploymentPostprocessing = 0;
		};
/* End PBXFrameworksBuildPhase section */

/* Begin PBXGroup section */
		B346B135201B9D5200760FBC = {
			isa = PBXGroup;
			children = (
				B34A3E992049CB30003B7F35 /* Coinstash_XMRSTAK.framework */,
				B346B140201B9D5200760FBC /* frameworkTest */,
				B346B13F201B9D5200760FBC /* Products */,
				B3928504204CC1FD007903B0 /* Frameworks */,
			);
			sourceTree = "<group>";
		};
		B346B13F201B9D5200760FBC /* Products */ = {
			isa = PBXGroup;
			children = (
				B346B13E201B9D5200760FBC /* frameworkTest.app */,
			);
			name = Products;
			sourceTree = "<group>";
		};
		B346B140201B9D5200760FBC /* frameworkTest */ = {
			isa = PBXGroup;
			children = (
				B346B141201B9D5200760FBC /* AppDelegate.swift */,
				B3A3522021074214001BB340 /* Credentials.swift */,
				B32FF804208476C400CBC8A4 /* configure.json */,
				B346B143201B9D5200760FBC /* Assets.xcassets */,
				B346B145201B9D5200760FBC /* MainMenu.xib */,
				B346B148201B9D5200760FBC /* Info.plist */,
				B346B149201B9D5200760FBC /* frameworkTest.entitlements */,
			);
			path = frameworkTest;
			sourceTree = "<group>";
		};
		B3928504204CC1FD007903B0 /* Frameworks */ = {
			isa = PBXGroup;
			children = (
			);
			name = Frameworks;
			sourceTree = "<group>";
		};
/* End PBXGroup section */

/* Begin PBXNativeTarget section */
		B346B13D201B9D5200760FBC /* frameworkTest */ = {
			isa = PBXNativeTarget;
			buildConfigurationList = B346B14C201B9D5200760FBC /* Build configuration list for PBXNativeTarget "frameworkTest" */;
			buildPhases = (
				B346B13A201B9D5200760FBC /* Sources */,
				B346B13B201B9D5200760FBC /* Frameworks */,
				B346B13C201B9D5200760FBC /* Resources */,
				B3928508204CC219007903B0 /* Embed Frameworks */,
				B387E586206484EE00BC2F64 /* CopyFiles */,
			);
			buildRules = (
			);
			dependencies = (
			);
			name = frameworkTest;
			productName = frameworkTest;
			productReference = B346B13E201B9D5200760FBC /* frameworkTest.app */;
			productType = "com.apple.product-type.application";
		};
/* End PBXNativeTarget section */

/* Begin PBXProject section */
		B346B136201B9D5200760FBC /* Project object */ = {
			isa = PBXProject;
			attributes = {
				LastSwiftUpdateCheck = 0920;
				LastUpgradeCheck = 0920;
				ORGANIZATIONNAME = KINGSTAR;
				TargetAttributes = {
					B346B13D201B9D5200760FBC = {
						CreatedOnToolsVersion = 9.2;
						ProvisioningStyle = Automatic;
						SystemCapabilities = {
							com.apple.Sandbox = {
								enabled = 1;
							};
						};
					};
				};
			};
			buildConfigurationList = B346B139201B9D5200760FBC /* Build configuration list for PBXProject "frameworkTest" */;
			compatibilityVersion = "Xcode 8.0";
			developmentRegion = en;
			hasScannedForEncodings = 0;
			knownRegions = (
				en,
				Base,
			);
			mainGroup = B346B135201B9D5200760FBC;
			productRefGroup = B346B13F201B9D5200760FBC /* Products */;
			projectDirPath = "";
			projectRoot = "";
			targets = (
				B346B13D201B9D5200760FBC /* frameworkTest */,
			);
		};
/* End PBXProject section */

/* Begin PBXResourcesBuildPhase section */
		B346B13C201B9D5200760FBC /* Resources */ = {
			isa = PBXResourcesBuildPhase;
			buildActionMask = 2147483647;
			files = (
				B346B144201B9D5200760FBC /* Assets.xcassets in Resources */,
				B346B147201B9D5200760FBC /* MainMenu.xib in Resources */,
				B32FF805208476C400CBC8A4 /* configure.json in Resources */,
			);
			runOnlyForDeploymentPostprocessing = 0;
		};
/* End PBXResourcesBuildPhase section */

/* Begin PBXSourcesBuildPhase section */
		B346B13A201B9D5200760FBC /* Sources */ = {
			isa = PBXSourcesBuildPhase;
			buildActionMask = 2147483647;
			files = (
				B3A3522121074214001BB340 /* Credentials.swift in Sources */,
				B346B142201B9D5200760FBC /* AppDelegate.swift in Sources */,
			);
			runOnlyForDeploymentPostprocessing = 0;
		};
/* End PBXSourcesBuildPhase section */

/* Begin PBXVariantGroup section */
		B346B145201B9D5200760FBC /* MainMenu.xib */ = {
			isa = PBXVariantGroup;
			children = (
				B346B146201B9D5200760FBC /* Base */,
			);
			name = MainMenu.xib;
			sourceTree = "<group>";
		};
/* End PBXVariantGroup section */

/* Begin XCBuildConfiguration section */
		B346B14A201B9D5200760FBC /* Debug */ = {
			isa = XCBuildConfiguration;
			buildSettings = {
				ALWAYS_SEARCH_USER_PATHS = NO;
				CLANG_ANALYZER_NONNULL = YES;
				CLANG_ANALYZER_NUMBER_OBJECT_CONVERSION = YES_AGGRESSIVE;
				CLANG_CXX_LANGUAGE_STANDARD = "gnu++14";
				CLANG_CXX_LIBRARY = "libc++";
				CLANG_ENABLE_MODULES = YES;
				CLANG_ENABLE_OBJC_ARC = YES;
				CLANG_WARN_BLOCK_CAPTURE_AUTORELEASING = YES;
				CLANG_WARN_BOOL_CONVERSION = YES;
				CLANG_WARN_COMMA = YES;
				CLANG_WARN_CONSTANT_CONVERSION = YES;
				CLANG_WARN_DIRECT_OBJC_ISA_USAGE = YES_ERROR;
				CLANG_WARN_DOCUMENTATION_COMMENTS = YES;
				CLANG_WARN_EMPTY_BODY = YES;
				CLANG_WARN_ENUM_CONVERSION = YES;
				CLANG_WARN_INFINITE_RECURSION = YES;
				CLANG_WARN_INT_CONVERSION = YES;
				CLANG_WARN_NON_LITERAL_NULL_CONVERSION = YES;
				CLANG_WARN_OBJC_LITERAL_CONVERSION = YES;
				CLANG_WARN_OBJC_ROOT_CLASS = YES_ERROR;
				CLANG_WARN_RANGE_LOOP_ANALYSIS = YES;
				CLANG_WARN_STRICT_PROTOTYPES = YES;
				CLANG_WARN_SUSPICIOUS_MOVE = YES;
				CLANG_WARN_UNGUARDED_AVAILABILITY = YES_AGGRESSIVE;
				CLANG_WARN_UNREACHABLE_CODE = YES;
				CLANG_WARN__DUPLICATE_METHOD_MATCH = YES;
				CODE_SIGN_IDENTITY = "Mac Developer";
				COPY_PHASE_STRIP = NO;
				DEBUG_INFORMATION_FORMAT = dwarf;
				ENABLE_STRICT_OBJC_MSGSEND = YES;
				ENABLE_TESTABILITY = YES;
				GCC_C_LANGUAGE_STANDARD = gnu11;
				GCC_DYNAMIC_NO_PIC = NO;
				GCC_NO_COMMON_BLOCKS = YES;
				GCC_OPTIMIZATION_LEVEL = 0;
				GCC_PREPROCESSOR_DEFINITIONS = (
					"DEBUG=1",
					"$(inherited)",
				);
				GCC_WARN_64_TO_32_BIT_CONVERSION = YES;
				GCC_WARN_ABOUT_RETURN_TYPE = YES_ERROR;
				GCC_WARN_UNDECLARED_SELECTOR = YES;
				GCC_WARN_UNINITIALIZED_AUTOS = YES_AGGRESSIVE;
				GCC_WARN_UNUSED_FUNCTION = YES;
				GCC_WARN_UNUSED_VARIABLE = YES;
				MACOSX_DEPLOYMENT_TARGET = 10.13;
				MTL_ENABLE_DEBUG_INFO = YES;
				ONLY_ACTIVE_ARCH = YES;
				SDKROOT = macosx;
				SWIFT_ACTIVE_COMPILATION_CONDITIONS = DEBUG;
				SWIFT_OPTIMIZATION_LEVEL = "-Onone";
			};
			name = Debug;
		};
		B346B14B201B9D5200760FBC /* Release */ = {
			isa = XCBuildConfiguration;
			buildSettings = {
				ALWAYS_SEARCH_USER_PATHS = NO;
				CLANG_ANALYZER_NONNULL = YES;
				CLANG_ANALYZER_NUMBER_OBJECT_CONVERSION = YES_AGGRESSIVE;
				CLANG_CXX_LANGUAGE_STANDARD = "gnu++14";
				CLANG_CXX_LIBRARY = "libc++";
				CLANG_ENABLE_MODULES = YES;
				CLANG_ENABLE_OBJC_ARC = YES;
				CLANG_WARN_BLOCK_CAPTURE_AUTORELEASING = YES;
				CLANG_WARN_BOOL_CONVERSION = YES;
				CLANG_WARN_COMMA = YES;
				CLANG_WARN_CONSTANT_CONVERSION = YES;
				CLANG_WARN_DIRECT_OBJC_ISA_USAGE = YES_ERROR;
				CLANG_WARN_DOCUMENTATION_COMMENTS = YES;
				CLANG_WARN_EMPTY_BODY = YES;
				CLANG_WARN_ENUM_CONVERSION = YES;
				CLANG_WARN_INFINITE_RECURSION = YES;
				CLANG_WARN_INT_CONVERSION = YES;
				CLANG_WARN_NON_LITERAL_NULL_CONVERSION = YES;
				CLANG_WARN_OBJC_LITERAL_CONVERSION = YES;
				CLANG_WARN_OBJC_ROOT_CLASS = YES_ERROR;
				CLANG_WARN_RANGE_LOOP_ANALYSIS = YES;
				CLANG_WARN_STRICT_PROTOTYPES = YES;
				CLANG_WARN_SUSPICIOUS_MOVE = YES;
				CLANG_WARN_UNGUARDED_AVAILABILITY = YES_AGGRESSIVE;
				CLANG_WARN_UNREACHABLE_CODE = YES;
				CLANG_WARN__DUPLICATE_METHOD_MATCH = YES;
				CODE_SIGN_IDENTITY = "Mac Developer";
				COPY_PHASE_STRIP = NO;
				DEBUG_INFORMATION_FORMAT = "dwarf-with-dsym";
				ENABLE_NS_ASSERTIONS = NO;
				ENABLE_STRICT_OBJC_MSGSEND = YES;
				GCC_C_LANGUAGE_STANDARD = gnu11;
				GCC_NO_COMMON_BLOCKS = YES;
				GCC_WARN_64_TO_32_BIT_CONVERSION = YES;
				GCC_WARN_ABOUT_RETURN_TYPE = YES_ERROR;
				GCC_WARN_UNDECLARED_SELECTOR = YES;
				GCC_WARN_UNINITIALIZED_AUTOS = YES_AGGRESSIVE;
				GCC_WARN_UNUSED_FUNCTION = YES;
				GCC_WARN_UNUSED_VARIABLE = YES;
				MACOSX_DEPLOYMENT_TARGET = 10.13;
				MTL_ENABLE_DEBUG_INFO = NO;
				SDKROOT = macosx;
				SWIFT_OPTIMIZATION_LEVEL = "-Owholemodule";
			};
			name = Release;
		};
		B346B14D201B9D5200760FBC /* Debug */ = {
			isa = XCBuildConfiguration;
			buildSettings = {
				ASSETCATALOG_COMPILER_APPICON_NAME = AppIcon;
				CODE_SIGN_ENTITLEMENTS = frameworkTest/frameworkTest.entitlements;
				CODE_SIGN_IDENTITY = "Mac Developer";
				CODE_SIGN_STYLE = Automatic;
				COMBINE_HIDPI_IMAGES = YES;
				DEVELOPMENT_TEAM = 246U226PV7;
				FRAMEWORK_SEARCH_PATHS = (
					"$(inherited)",
					"$(PROJECT_DIR)",
				);
				INFOPLIST_FILE = frameworkTest/Info.plist;
				LD_RUNPATH_SEARCH_PATHS = "$(inherited) @executable_path/../Frameworks";
				MACOSX_DEPLOYMENT_TARGET = 10.13;
				PRODUCT_BUNDLE_IDENTIFIER = com.beachio.frameworkTest;
				PRODUCT_NAME = "$(TARGET_NAME)";
				PROVISIONING_PROFILE = "";
				PROVISIONING_PROFILE_SPECIFIER = "";
				SWIFT_VERSION = 4.0;
			};
			name = Debug;
		};
		B346B14E201B9D5200760FBC /* Release */ = {
			isa = XCBuildConfiguration;
			buildSettings = {
				ASSETCATALOG_COMPILER_APPICON_NAME = AppIcon;
				CODE_SIGN_ENTITLEMENTS = frameworkTest/frameworkTest.entitlements;
				CODE_SIGN_IDENTITY = "Mac Developer";
				CODE_SIGN_STYLE = Automatic;
				COMBINE_HIDPI_IMAGES = YES;
				DEVELOPMENT_TEAM = 246U226PV7;
				FRAMEWORK_SEARCH_PATHS = (
					"$(inherited)",
					"$(PROJECT_DIR)",
				);
				INFOPLIST_FILE = frameworkTest/Info.plist;
				LD_RUNPATH_SEARCH_PATHS = "$(inherited) @executable_path/../Frameworks";
				MACOSX_DEPLOYMENT_TARGET = 10.13;
				PRODUCT_BUNDLE_IDENTIFIER = com.beachio.frameworkTest;
				PRODUCT_NAME = "$(TARGET_NAME)";
				PROVISIONING_PROFILE = "";
				PROVISIONING_PROFILE_SPECIFIER = "";
				SWIFT_VERSION = 4.0;
			};
			name = Release;
		};
/* End XCBuildConfiguration section */

/* Begin XCConfigurationList section */
		B346B139201B9D5200760FBC /* Build configuration list for PBXProject "frameworkTest" */ = {
			isa = XCConfigurationList;
			buildConfigurations = (
				B346B14A201B9D5200760FBC /* Debug */,
				B346B14B201B9D5200760FBC /* Release */,
			);
			defaultConfigurationIsVisible = 0;
			defaultConfigurationName = Release;
		};
		B346B14C201B9D5200760FBC /* Build configuration list for PBXNativeTarget "frameworkTest" */ = {
			isa = XCConfigurationList;
			buildConfigurations = (
				B346B14D201B9D5200760FBC /* Debug */,
				B346B14E201B9D5200760FBC /* Release */,
			);
			defaultConfigurationIsVisible = 0;
			defaultConfigurationName = Release;
		};
/* End XCConfigurationList section */
	};
	rootObject = B346B136201B9D5200760FBC /* Project object */;
}
